
Microsoft Visual Studio Solution File, Format Version 12.00
Project("{FAE04EC0-301F-11D3-BF4B-00C04F79EFBC}") = "UDPServerWPF", "UDPServerWPF\UDPServerWPF.csproj", "{FC4564F8-45B7-4203-A40A-DDFF36BA7F60}"
EndProject
Project("{FAE04EC0-301F-11D3-BF4B-00C04F79EFBC}") = "UDPClientWPF", "UDPClientWPF\UDPClientWPF.csproj", "{819A1B6B-C4D7-4838-8063-4822B06AC920}"
EndProject
Global
	GlobalSection(SolutionConfigurationPlatforms) = preSolution
		Debug|Any CPU = Debug|Any CPU
		Release|Any CPU = Release|Any CPU
	EndGlobalSection
	GlobalSection(ProjectConfigurationPlatforms) = postSolution
		{FC4564F8-45B7-4203-A40A-DDFF36BA7F60}.Debug|Any CPU.ActiveCfg = Debug|Any CPU
		{FC4564F8-45B7-4203-A40A-DDFF36BA7F60}.Debug|Any CPU.Build.0 = Debug|Any CPU
		{FC4564F8-45B7-4203-A40A-DDFF36BA7F60}.Release|Any CPU.ActiveCfg = Release|Any CPU
		{FC4564F8-45B7-4203-A40A-DDFF36BA7F60}.Release|Any CPU.Build.0 = Release|Any CPU
		{819A1B6B-C4D7-4838-8063-4822B06AC920}.Debug|Any CPU.ActiveCfg = Debug|Any CPU
		{819A1B6B-C4D7-4838-8063-4822B06AC920}.Debug|Any CPU.Build.0 = Debug|Any CPU
		{819A1B6B-C4D7-4838-8063-4822B06AC920}.Release|Any CPU.ActiveCfg = Release|Any CPU
		{819A1B6B-C4D7-4838-8063-4822B06AC920}.Release|Any CPU.Build.0 = Release|Any CPU
	EndGlobalSection
EndGlobal
